lockfileVersion: '9.0'

settings:
  autoInstallPeers: true
  excludeLinksFromLockfile: false

importers:

  .:
    dependencies:
      clsx:
        specifier: ^2.0.0
        version: 2.1.1
      tailwind-merge:
        specifier: ^2.0.0
        version: 2.4.0
    devDependencies:
      typescript:
        specifier: ^5.3.2
        version: 5.5.4

packages:

  clsx@2.1.1:
    resolution: {integrity: sha512-eYm0QWBtUrBWZWG0d386OGAw16Z995PiOVo2B7bjWSbHedGl5e0ZWaq65kOGgUSNesEIDkB9ISbTg/JK9dhCZA==}
    engines: {node: '>=6'}

  tailwind-merge@2.4.0:
    resolution: {integrity: sha512-49AwoOQNKdqKPd9CViyH5wJoSKsCDjUlzL8DxuGp3P1FsGY36NJDAa18jLZcaHAUUuTj+JB8IAo8zWgBNvBF7A==}

  typescript@5.5.4:
    resolution: {integrity: sha512-Mtq29sKDAEYP7aljRgtPOpTvOfbwRWlS6dPRzwjdE+C0R4brX/GUyhHSecbHMFLNBLcJIPt9nl9yG5TZ1weH+Q==}
    engines: {node: '>=14.17'}
    hasBin: true

snapshots:

  clsx@2.1.1: {}

  tailwind-merge@2.4.0: {}

  typescript@5.5.4: {}
