lockfileVersion: '6.0'

settings:
  autoInstallPeers: true
  excludeLinksFromLockfile: false

dependencies:
  clsx:
    specifier: ^2.0.0
    version: 2.0.0
  tailwind-merge:
    specifier: ^1.13.0
    version: 1.13.0

devDependencies:
  typescript:
    specifier: '>=4'
    version: 5.0.4

packages:

  /clsx@2.0.0:
    resolution: {integrity: sha512-rQ1+kcj+ttHG0MKVGBUXwayCCF1oh39BF5COIpRzuCEv8Mwjv0XucrI2ExNTOn9IlLifGClWQcU9BrZORvtw6Q==}
    engines: {node: '>=6'}
    dev: false

  /tailwind-merge@1.13.0:
    resolution: {integrity: sha512-mUTmDbcU+IhOvJ0c42eLQ/nRkvolTqfpVaVQRSxfJAv9TabS6Y2zW/1wKpKLdKzyL3Gh8j6NTLl6MWNmvOM6kA==}
    dev: false

  /typescript@5.0.4:
    resolution: {integrity: sha512-cW9T5W9xY37cc+jfEnaUvX91foxtHkza3Nw3wkoF4sSlKn0MONdkdEndig/qPBWXNkmplh3NzayQzCiHM4/hqw==}
    engines: {node: '>=12.20'}
    hasBin: true
    dev: true
